
Microsoft Visual Studio Solution File, Format Version 12.00
# Visual Studio Version 17
VisualStudioVersion = 17.11.35327.3
MinimumVisualStudioVersion = 10.0.40219.1
Project("{FAE04EC0-301F-11D3-BF4B-00C04F79EFBC}") = "CalculadoraConsola", "CalculadoraConsola.csproj", "{65E5DDD3-A18D-4613-9B85-9053F9F50FDC}"
EndProject
Global
	GlobalSection(SolutionConfigurationPlatforms) = preSolution
		Debug|Any CPU = Debug|Any CPU
		Release|Any CPU = Release|Any CPU
	EndGlobalSection
	GlobalSection(ProjectConfigurationPlatforms) = postSolution
		{65E5DDD3-A18D-4613-9B85-9053F9F50FDC}.Debug|Any CPU.ActiveCfg = Debug|Any CPU
		{65E5DDD3-A18D-4613-9B85-9053F9F50FDC}.Debug|Any CPU.Build.0 = Debug|Any CPU
		{65E5DDD3-A18D-4613-9B85-9053F9F50FDC}.Release|Any CPU.ActiveCfg = Release|Any CPU
		{65E5DDD3-A18D-4613-9B85-9053F9F50FDC}.Release|Any CPU.Build.0 = Release|Any CPU
	EndGlobalSection
	GlobalSection(SolutionProperties) = preSolution
		HideSolutionNode = FALSE
	EndGlobalSection
	GlobalSection(ExtensibilityGlobals) = postSolution
		SolutionGuid = {79476634-6339-46A1-B501-E972B4AE9A3B}
	EndGlobalSection
EndGlobal
